
Microsoft Visual Studio Solution File, Format Version 12.00
# Visual Studio Version 17
VisualStudioVersion = 17.7.34003.232
MinimumVisualStudioVersion = 10.0.40219.1
Project("{FAE04EC0-301F-11D3-BF4B-00C04F79EFBC}") = "Calculator_EvanStone", "Calculator_EvanStone\Calculator_EvanStone.csproj", "{B5A9BD49-F8CF-471D-B0AE-1A8C2FFE4AED}"
EndProject
Global
	GlobalSection(SolutionConfigurationPlatforms) = preSolution
		Debug|Any CPU = Debug|Any CPU
		Release|Any CPU = Release|Any CPU
	EndGlobalSection
	GlobalSection(ProjectConfigurationPlatforms) = postSolution
		{B5A9BD49-F8CF-471D-B0AE-1A8C2FFE4AED}.Debug|Any CPU.ActiveCfg = Debug|Any CPU
		{B5A9BD49-F8CF-471D-B0AE-1A8C2FFE4AED}.Debug|Any CPU.Build.0 = Debug|Any CPU
		{B5A9BD49-F8CF-471D-B0AE-1A8C2FFE4AED}.Release|Any CPU.ActiveCfg = Release|Any CPU
		{B5A9BD49-F8CF-471D-B0AE-1A8C2FFE4AED}.Release|Any CPU.Build.0 = Release|Any CPU
	EndGlobalSection
	GlobalSection(SolutionProperties) = preSolution
		HideSolutionNode = FALSE
	EndGlobalSection
	GlobalSection(ExtensibilityGlobals) = postSolution
		SolutionGuid = {135CC8FB-8BA9-45DF-B9F8-F6E5CD7390AF}
	EndGlobalSection
EndGlobal
